// !$*UTF8*$!
{
	archiveVersion = 1;
	classes = {
	};
	objectVersion = 50;
	objects = {

/* Begin PBXBuildFile section */
		037CE8BF223F9C7500DFAFA3 /* AppDelegate.swift in Sources */ = {isa = PBXBuildFile; fileRef = 037CE8BE223F9C7500DFAFA3 /* AppDelegate.swift */; };
		037CE8C1223F9C7500DFAFA3 /* ViewController.swift in Sources */ = {isa = PBXBuildFile; fileRef = 037CE8C0223F9C7500DFAFA3 /* ViewController.swift */; };
		037CE8C4223F9C7500DFAFA3 /* Main.storyboard in Resources */ = {isa = PBXBuildFile; fileRef = 037CE8C2223F9C7500DFAFA3 /* Main.storyboard */; };
		037CE8C6223F9C7800DFAFA3 /* Assets.xcassets in Resources */ = {isa = PBXBuildFile; fileRef = 037CE8C5223F9C7800DFAFA3 /* Assets.xcassets */; };
		037CE8C9223F9C7800DFAFA3 /* LaunchScreen.storyboard in Resources */ = {isa = PBXBuildFile; fileRef = 037CE8C7223F9C7800DFAFA3 /* LaunchScreen.storyboard */; };
		037CE8D4223F9C7800DFAFA3 /* VIPERTestTests.swift in Sources */ = {isa = PBXBuildFile; fileRef = 037CE8D3223F9C7800DFAFA3 /* VIPERTestTests.swift */; };
/* End PBXBuildFile section */

/* Begin PBXContainerItemProxy section */
		037CE8D0223F9C7800DFAFA3 /* PBXContainerItemProxy */ = {
			isa = PBXContainerItemProxy;
			containerPortal = 037CE8B3223F9C7500DFAFA3 /* Project object */;
			proxyType = 1;
			remoteGlobalIDString = 037CE8BA223F9C7500DFAFA3;
			remoteInfo = VIPERTest;
		};
/* End PBXContainerItemProxy section */

/* Begin PBXFileReference section */
		037CE8BB223F9C7500DFAFA3 /* VIPERTest.app */ = {isa = PBXFileReference; explicitFileType = wrapper.application; includeInIndex = 0; path = VIPERTest.app; sourceTree = BUILT_PRODUCTS_DIR; };
		037CE8BE223F9C7500DFAFA3 /* AppDelegate.swift */ = {isa = PBXFileReference; lastKnownFileType = sourcecode.swift; path = AppDelegate.swift; sourceTree = "<group>"; };
		037CE8C0223F9C7500DFAFA3 /* ViewController.swift */ = {isa = PBXFileReference; lastKnownFileType = sourcecode.swift; path = ViewController.swift; sourceTree = "<group>"; };
		037CE8C3223F9C7500DFAFA3 /* Base */ = {isa = PBXFileReference; lastKnownFileType = file.storyboard; name = Base; path = Base.lproj/Main.storyboard; sourceTree = "<group>"; };
		037CE8C5223F9C7800DFAFA3 /* Assets.xcassets */ = {isa = PBXFileReference; lastKnownFileType = folder.assetcatalog; path = Assets.xcassets; sourceTree = "<group>"; };
		037CE8C8223F9C7800DFAFA3 /* Base */ = {isa = PBXFileReference; lastKnownFileType = file.storyboard; name = Base; path = Base.lproj/LaunchScreen.storyboard; sourceTree = "<group>"; };
		037CE8CA223F9C7800DFAFA3 /* Info.plist */ = {isa = PBXFileReference; lastKnownFileType = text.plist.xml; path = Info.plist; sourceTree = "<group>"; };
		037CE8CF223F9C7800DFAFA3 /* VIPERTestTests.xctest */ = {isa = PBXFileReference; explicitFileType = wrapper.cfbundle; includeInIndex = 0; path = VIPERTestTests.xctest; sourceTree = BUILT_PRODUCTS_DIR; };
		037CE8D3223F9C7800DFAFA3 /* VIPERTestTests.swift */ = {isa = PBXFileReference; lastKnownFileType = sourcecode.swift; path = VIPERTestTests.swift; sourceTree = "<group>"; };
		037CE8D5223F9C7800DFAFA3 /* Info.plist */ = {isa = PBXFileReference; lastKnownFileType = text.plist.xml; path = Info.plist; sourceTree = "<group>"; };
/* End PBXFileReference section */

/* Begin PBXFrameworksBuildPhase section */
		037CE8B8223F9C7500DFAFA3 /* Frameworks */ = {
			isa = PBXFrameworksBuildPhase;
			buildActionMask = 2147483647;
			files = (
			);
			runOnlyForDeploymentPostprocessing = 0;
		};
		037CE8CC223F9C7800DFAFA3 /* Frameworks */ = {
			isa = PBXFrameworksBuildPhase;
			buildActionMask = 2147483647;
			files = (
			);
			runOnlyForDeploymentPostprocessing = 0;
		};
/* End PBXFrameworksBuildPhase section */

/* Begin PBXGroup section */
		037CE8B2223F9C7500DFAFA3 = {
			isa = PBXGroup;
			children = (
				037CE8BD223F9C7500DFAFA3 /* VIPERTest */,
				037CE8D2223F9C7800DFAFA3 /* VIPERTestTests */,
				037CE8BC223F9C7500DFAFA3 /* Products */,
			);
			sourceTree = "<group>";
		};
		037CE8BC223F9C7500DFAFA3 /* Products */ = {
			isa = PBXGroup;
			children = (
				037CE8BB223F9C7500DFAFA3 /* VIPERTest.app */,
				037CE8CF223F9C7800DFAFA3 /* VIPERTestTests.xctest */,
			);
			name = Products;
			sourceTree = "<group>";
		};
		037CE8BD223F9C7500DFAFA3 /* VIPERTest */ = {
			isa = PBXGroup;
			children = (
				037CE8BE223F9C7500DFAFA3 /* AppDelegate.swift */,
				037CE8C0223F9C7500DFAFA3 /* ViewController.swift */,
				037CE8C2223F9C7500DFAFA3 /* Main.storyboard */,
				037CE8C5223F9C7800DFAFA3 /* Assets.xcassets */,
				037CE8C7223F9C7800DFAFA3 /* LaunchScreen.storyboard */,
				037CE8CA223F9C7800DFAFA3 /* Info.plist */,
			);
			path = VIPERTest;
			sourceTree = "<group>";
		};
		037CE8D2223F9C7800DFAFA3 /* VIPERTestTests */ = {
			isa = PBXGroup;
			children = (
				037CE8D3223F9C7800DFAFA3 /* VIPERTestTests.swift */,
				037CE8D5223F9C7800DFAFA3 /* Info.plist */,
			);
			path = VIPERTestTests;
			sourceTree = "<group>";
		};
/* End PBXGroup section */

/* Begin PBXNativeTarget section */
		037CE8BA223F9C7500DFAFA3 /* VIPERTest */ = {
			isa = PBXNativeTarget;
			buildConfigurationList = 037CE8D8223F9C7800DFAFA3 /* Build configuration list for PBXNativeTarget "VIPERTest" */;
			buildPhases = (
				037CE8B7223F9C7500DFAFA3 /* Sources */,
				037CE8B8223F9C7500DFAFA3 /* Frameworks */,
				037CE8B9223F9C7500DFAFA3 /* Resources */,
			);
			buildRules = (
			);
			dependencies = (
			);
			name = VIPERTest;
			productName = VIPERTest;
			productReference = 037CE8BB223F9C7500DFAFA3 /* VIPERTest.app */;
			productType = "com.apple.product-type.application";
		};
		037CE8CE223F9C7800DFAFA3 /* VIPERTestTests */ = {
			isa = PBXNativeTarget;
			buildConfigurationList = 037CE8DB223F9C7800DFAFA3 /* Build configuration list for PBXNativeTarget "VIPERTestTests" */;
			buildPhases = (
				037CE8CB223F9C7800DFAFA3 /* Sources */,
				037CE8CC223F9C7800DFAFA3 /* Frameworks */,
				037CE8CD223F9C7800DFAFA3 /* Resources */,
			);
			buildRules = (
			);
			dependencies = (
				037CE8D1223F9C7800DFAFA3 /* PBXTargetDependency */,
			);
			name = VIPERTestTests;
			productName = VIPERTestTests;
			productReference = 037CE8CF223F9C7800DFAFA3 /* VIPERTestTests.xctest */;
			productType = "com.apple.product-type.bundle.unit-test";
		};
/* End PBXNativeTarget section */

/* Begin PBXProject section */
		037CE8B3223F9C7500DFAFA3 /* Project object */ = {
			isa = PBXProject;
			attributes = {
				LastSwiftUpdateCheck = 1010;
				LastUpgradeCheck = 1010;
				ORGANIZATIONNAME = "Olga Vorona";
				TargetAttributes = {
					037CE8BA223F9C7500DFAFA3 = {
						CreatedOnToolsVersion = 10.1;
					};
					037CE8CE223F9C7800DFAFA3 = {
						CreatedOnToolsVersion = 10.1;
						TestTargetID = 037CE8BA223F9C7500DFAFA3;
					};
				};
			};
			buildConfigurationList = 037CE8B6223F9C7500DFAFA3 /* Build configuration list for PBXProject "VIPERTest" */;
			compatibilityVersion = "Xcode 9.3";
			developmentRegion = en;
			hasScannedForEncodings = 0;
			knownRegions = (
				en,
				Base,
			);
			mainGroup = 037CE8B2223F9C7500DFAFA3;
			productRefGroup = 037CE8BC223F9C7500DFAFA3 /* Products */;
			projectDirPath = "";
			projectRoot = "";
			targets = (
				037CE8BA223F9C7500DFAFA3 /* VIPERTest */,
				037CE8CE223F9C7800DFAFA3 /* VIPERTestTests */,
			);
		};
/* End PBXProject section */

/* Begin PBXResourcesBuildPhase section */
		037CE8B9223F9C7500DFAFA3 /* Resources */ = {
			isa = PBXResourcesBuildPhase;
			buildActionMask = 2147483647;
			files = (
				037CE8C9223F9C7800DFAFA3 /* LaunchScreen.storyboard in Resources */,
				037CE8C6223F9C7800DFAFA3 /* Assets.xcassets in Resources */,
				037CE8C4223F9C7500DFAFA3 /* Main.storyboard in Resources */,
			);
			runOnlyForDeploymentPostprocessing = 0;
		};
		037CE8CD223F9C7800DFAFA3 /* Resources */ = {
			isa = PBXResourcesBuildPhase;
			buildActionMask = 2147483647;
			files = (
			);
			runOnlyForDeploymentPostprocessing = 0;
		};
/* End PBXResourcesBuildPhase section */

/* Begin PBXSourcesBuildPhase section */
		037CE8B7223F9C7500DFAFA3 /* Sources */ = {
			isa = PBXSourcesBuildPhase;
			buildActionMask = 2147483647;
			files = (
				037CE8C1223F9C7500DFAFA3 /* ViewController.swift in Sources */,
				037CE8BF223F9C7500DFAFA3 /* AppDelegate.swift in Sources */,
			);
			runOnlyForDeploymentPostprocessing = 0;
		};
		037CE8CB223F9C7800DFAFA3 /* Sources */ = {
			isa = PBXSourcesBuildPhase;
			buildActionMask = 2147483647;
			files = (
				037CE8D4223F9C7800DFAFA3 /* VIPERTestTests.swift in Sources */,
			);
			runOnlyForDeploymentPostprocessing = 0;
		};
/* End PBXSourcesBuildPhase section */

/* Begin PBXTargetDependency section */
		037CE8D1223F9C7800DFAFA3 /* PBXTargetDependency */ = {
			isa = PBXTargetDependency;
			target = 037CE8BA223F9C7500DFAFA3 /* VIPERTest */;
			targetProxy = 037CE8D0223F9C7800DFAFA3 /* PBXContainerItemProxy */;
		};
/* End PBXTargetDependency section */

/* Begin PBXVariantGroup section */
		037CE8C2223F9C7500DFAFA3 /* Main.storyboard */ = {
			isa = PBXVariantGroup;
			children = (
				037CE8C3223F9C7500DFAFA3 /* Base */,
			);
			name = Main.storyboard;
			sourceTree = "<group>";
		};
		037CE8C7223F9C7800DFAFA3 /* LaunchScreen.storyboard */ = {
			isa = PBXVariantGroup;
			children = (
				037CE8C8223F9C7800DFAFA3 /* Base */,
			);
			name = LaunchScreen.storyboard;
			sourceTree = "<group>";
		};
/* End PBXVariantGroup section */

/* Begin XCBuildConfiguration section */
		037CE8D6223F9C7800DFAFA3 /* Debug */ = {
			isa = XCBuildConfiguration;
			buildSettings = {
				ALWAYS_SEARCH_USER_PATHS = NO;
				CLANG_ANALYZER_NONNULL = YES;
				CLANG_ANALYZER_NUMBER_OBJECT_CONVERSION = YES_AGGRESSIVE;
				CLANG_CXX_LANGUAGE_STANDARD = "gnu++14";
				CLANG_CXX_LIBRARY = "libc++";
				CLANG_ENABLE_MODULES = YES;
				CLANG_ENABLE_OBJC_ARC = YES;
				CLANG_ENABLE_OBJC_WEAK = YES;
				CLANG_WARN_BLOCK_CAPTURE_AUTORELEASING = YES;
				CLANG_WARN_BOOL_CONVERSION = YES;
				CLANG_WARN_COMMA = YES;
				CLANG_WARN_CONSTANT_CONVERSION = YES;
				CLANG_WARN_DEPRECATED_OBJC_IMPLEMENTATIONS = YES;
				CLANG_WARN_DIRECT_OBJC_ISA_USAGE = YES_ERROR;
				CLANG_WARN_DOCUMENTATION_COMMENTS = YES;
				CLANG_WARN_EMPTY_BODY = YES;
				CLANG_WARN_ENUM_CONVERSION = YES;
				CLANG_WARN_INFINITE_RECURSION = YES;
				CLANG_WARN_INT_CONVERSION = YES;
				CLANG_WARN_NON_LITERAL_NULL_CONVERSION = YES;
				CLANG_WARN_OBJC_IMPLICIT_RETAIN_SELF = YES;
				CLANG_WARN_OBJC_LITERAL_CONVERSION = YES;
				CLANG_WARN_OBJC_ROOT_CLASS = YES_ERROR;
				CLANG_WARN_RANGE_LOOP_ANALYSIS = YES;
				CLANG_WARN_STRICT_PROTOTYPES = YES;
				CLANG_WARN_SUSPICIOUS_MOVE = YES;
				CLANG_WARN_UNGUARDED_AVAILABILITY = YES_AGGRESSIVE;
				CLANG_WARN_UNREACHABLE_CODE = YES;
				CLANG_WARN__DUPLICATE_METHOD_MATCH = YES;
				CODE_SIGN_IDENTITY = "iPhone Developer";
				COPY_PHASE_STRIP = NO;
				DEBUG_INFORMATION_FORMAT = dwarf;
				ENABLE_STRICT_OBJC_MSGSEND = YES;
				ENABLE_TESTABILITY = YES;
				GCC_C_LANGUAGE_STANDARD = gnu11;
				GCC_DYNAMIC_NO_PIC = NO;
				GCC_NO_COMMON_BLOCKS = YES;
				GCC_OPTIMIZATION_LEVEL = 0;
				GCC_PREPROCESSOR_DEFINITIONS = (
					"DEBUG=1",
					"$(inherited)",
				);
				GCC_WARN_64_TO_32_BIT_CONVERSION = YES;
				GCC_WARN_ABOUT_RETURN_TYPE = YES_ERROR;
				GCC_WARN_UNDECLARED_SELECTOR = YES;
				GCC_WARN_UNINITIALIZED_AUTOS = YES_AGGRESSIVE;
				GCC_WARN_UNUSED_FUNCTION = YES;
				GCC_WARN_UNUSED_VARIABLE = YES;
				IPHONEOS_DEPLOYMENT_TARGET = 12.1;
				MTL_ENABLE_DEBUG_INFO = INCLUDE_SOURCE;
				MTL_FAST_MATH = YES;
				ONLY_ACTIVE_ARCH = YES;
				SDKROOT = iphoneos;
				SWIFT_ACTIVE_COMPILATION_CONDITIONS = DEBUG;
				SWIFT_OPTIMIZATION_LEVEL = "-Onone";
			};
			name = Debug;
		};
		037CE8D7223F9C7800DFAFA3 /* Release */ = {
			isa = XCBuildConfiguration;
			buildSettings = {
				ALWAYS_SEARCH_USER_PATHS = NO;
				CLANG_ANALYZER_NONNULL = YES;
				CLANG_ANALYZER_NUMBER_OBJECT_CONVERSION = YES_AGGRESSIVE;
				CLANG_CXX_LANGUAGE_STANDARD = "gnu++14";
				CLANG_CXX_LIBRARY = "libc++";
				CLANG_ENABLE_MODULES = YES;
				CLANG_ENABLE_OBJC_ARC = YES;
				CLANG_ENABLE_OBJC_WEAK = YES;
				CLANG_WARN_BLOCK_CAPTURE_AUTORELEASING = YES;
				CLANG_WARN_BOOL_CONVERSION = YES;
				CLANG_WARN_COMMA = YES;
				CLANG_WARN_CONSTANT_CONVERSION = YES;
				CLANG_WARN_DEPRECATED_OBJC_IMPLEMENTATIONS = YES;
				CLANG_WARN_DIRECT_OBJC_ISA_USAGE = YES_ERROR;
				CLANG_WARN_DOCUMENTATION_COMMENTS = YES;
				CLANG_WARN_EMPTY_BODY = YES;
				CLANG_WARN_ENUM_CONVERSION = YES;
				CLANG_WARN_INFINITE_RECURSION = YES;
				CLANG_WARN_INT_CONVERSION = YES;
				CLANG_WARN_NON_LITERAL_NULL_CONVERSION = YES;
				CLANG_WARN_OBJC_IMPLICIT_RETAIN_SELF = YES;
				CLANG_WARN_OBJC_LITERAL_CONVERSION = YES;
				CLANG_WARN_OBJC_ROOT_CLASS = YES_ERROR;
				CLANG_WARN_RANGE_LOOP_ANALYSIS = YES;
				CLANG_WARN_STRICT_PROTOTYPES = YES;
				CLANG_WARN_SUSPICIOUS_MOVE = YES;
				CLANG_WARN_UNGUARDED_AVAILABILITY = YES_AGGRESSIVE;
				CLANG_WARN_UNREACHABLE_CODE = YES;
				CLANG_WARN__DUPLICATE_METHOD_MATCH = YES;
				CODE_SIGN_IDENTITY = "iPhone Developer";
				COPY_PHASE_STRIP = NO;
				DEBUG_INFORMATION_FORMAT = "dwarf-with-dsym";
				ENABLE_NS_ASSERTIONS = NO;
				ENABLE_STRICT_OBJC_MSGSEND = YES;
				GCC_C_LANGUAGE_STANDARD = gnu11;
				GCC_NO_COMMON_BLOCKS = YES;
				GCC_WARN_64_TO_32_BIT_CONVERSION = YES;
				GCC_WARN_ABOUT_RETURN_TYPE = YES_ERROR;
				GCC_WARN_UNDECLARED_SELECTOR = YES;
				GCC_WARN_UNINITIALIZED_AUTOS = YES_AGGRESSIVE;
				GCC_WARN_UNUSED_FUNCTION = YES;
				GCC_WARN_UNUSED_VARIABLE = YES;
				IPHONEOS_DEPLOYMENT_TARGET = 12.1;
				MTL_ENABLE_DEBUG_INFO = NO;
				MTL_FAST_MATH = YES;
				SDKROOT = iphoneos;
				SWIFT_COMPILATION_MODE = wholemodule;
				SWIFT_OPTIMIZATION_LEVEL = "-O";
				VALIDATE_PRODUCT = YES;
			};
			name = Release;
		};
		037CE8D9223F9C7800DFAFA3 /* Debug */ = {
			isa = XCBuildConfiguration;
			buildSettings = {
				ASSETCATALOG_COMPILER_APPICON_NAME = AppIcon;
				CODE_SIGN_STYLE = Automatic;
				DEVELOPMENT_TEAM = SC8JJ92TL6;
				INFOPLIST_FILE = VIPERTest/Info.plist;
				LD_RUNPATH_SEARCH_PATHS = (
					"$(inherited)",
					"@executable_path/Frameworks",
				);
				PRODUCT_BUNDLE_IDENTIFIER = ovorona.VIPERTest;
				PRODUCT_NAME = "$(TARGET_NAME)";
				SWIFT_VERSION = 4.2;
				TARGETED_DEVICE_FAMILY = "1,2";
			};
			name = Debug;
		};
		037CE8DA223F9C7800DFAFA3 /* Release */ = {
			isa = XCBuildConfiguration;
			buildSettings = {
				ASSETCATALOG_COMPILER_APPICON_NAME = AppIcon;
				CODE_SIGN_STYLE = Automatic;
				DEVELOPMENT_TEAM = SC8JJ92TL6;
				INFOPLIST_FILE = VIPERTest/Info.plist;
				LD_RUNPATH_SEARCH_PATHS = (
					"$(inherited)",
					"@executable_path/Frameworks",
				);
				PRODUCT_BUNDLE_IDENTIFIER = ovorona.VIPERTest;
				PRODUCT_NAME = "$(TARGET_NAME)";
				SWIFT_VERSION = 4.2;
				TARGETED_DEVICE_FAMILY = "1,2";
			};
			name = Release;
		};
		037CE8DC223F9C7800DFAFA3 /* Debug */ = {
			isa = XCBuildConfiguration;
			buildSettings = {
				ALWAYS_EMBED_SWIFT_STANDARD_LIBRARIES = YES;
				BUNDLE_LOADER = "$(TEST_HOST)";
				CODE_SIGN_STYLE = Automatic;
				DEVELOPMENT_TEAM = SC8JJ92TL6;
				INFOPLIST_FILE = VIPERTestTests/Info.plist;
				LD_RUNPATH_SEARCH_PATHS = (
					"$(inherited)",
					"@executable_path/Frameworks",
					"@loader_path/Frameworks",
				);
				PRODUCT_BUNDLE_IDENTIFIER = ovorona.VIPERTestTests;
				PRODUCT_NAME = "$(TARGET_NAME)";
				SWIFT_VERSION = 4.2;
				TARGETED_DEVICE_FAMILY = "1,2";
				TEST_HOST = "$(BUILT_PRODUCTS_DIR)/VIPERTest.app/VIPERTest";
			};
			name = Debug;
		};
		037CE8DD223F9C7800DFAFA3 /* Release */ = {
			isa = XCBuildConfiguration;
			buildSettings = {
				ALWAYS_EMBED_SWIFT_STANDARD_LIBRARIES = YES;
				BUNDLE_LOADER = "$(TEST_HOST)";
				CODE_SIGN_STYLE = Automatic;
				DEVELOPMENT_TEAM = SC8JJ92TL6;
				INFOPLIST_FILE = VIPERTestTests/Info.plist;
				LD_RUNPATH_SEARCH_PATHS = (
					"$(inherited)",
					"@executable_path/Frameworks",
					"@loader_path/Frameworks",
				);
				PRODUCT_BUNDLE_IDENTIFIER = ovorona.VIPERTestTests;
				PRODUCT_NAME = "$(TARGET_NAME)";
				SWIFT_VERSION = 4.2;
				TARGETED_DEVICE_FAMILY = "1,2";
				TEST_HOST = "$(BUILT_PRODUCTS_DIR)/VIPERTest.app/VIPERTest";
			};
			name = Release;
		};
/* End XCBuildConfiguration section */

/* Begin XCConfigurationList section */
		037CE8B6223F9C7500DFAFA3 /* Build configuration list for PBXProject "VIPERTest" */ = {
			isa = XCConfigurationList;
			buildConfigurations = (
				037CE8D6223F9C7800DFAFA3 /* Debug */,
				037CE8D7223F9C7800DFAFA3 /* Release */,
			);
			defaultConfigurationIsVisible = 0;
			defaultConfigurationName = Release;
		};
		037CE8D8223F9C7800DFAFA3 /* Build configuration list for PBXNativeTarget "VIPERTest" */ = {
			isa = XCConfigurationList;
			buildConfigurations = (
				037CE8D9223F9C7800DFAFA3 /* Debug */,
				037CE8DA223F9C7800DFAFA3 /* Release */,
			);
			defaultConfigurationIsVisible = 0;
			defaultConfigurationName = Release;
		};
		037CE8DB223F9C7800DFAFA3 /* Build configuration list for PBXNativeTarget "VIPERTestTests" */ = {
			isa = XCConfigurationList;
			buildConfigurations = (
				037CE8DC223F9C7800DFAFA3 /* Debug */,
				037CE8DD223F9C7800DFAFA3 /* Release */,
			);
			defaultConfigurationIsVisible = 0;
			defaultConfigurationName = Release;
		};
/* End XCConfigurationList section */
	};
	rootObject = 037CE8B3223F9C7500DFAFA3 /* Project object */;
}
